// !$*UTF8*$!
{
	archiveVersion = 1;
	classes = {
	};
	objectVersion = 46;
	objects = {

/* Begin PBXBuildFile section */
		64FDF9F51EA9C0AB007956CA /* main.m in Sources */ = {isa = PBXBuildFile; fileRef = 64FDF9F41EA9C0AB007956CA /* main.m */; };
		64FDF9F81EA9C0AB007956CA /* AppDelegate.m in Sources */ = {isa = PBXBuildFile; fileRef = 64FDF9F71EA9C0AB007956CA /* AppDelegate.m */; };
		64FDF9FB1EA9C0AB007956CA /* ViewController.m in Sources */ = {isa = PBXBuildFile; fileRef = 64FDF9FA1EA9C0AB007956CA /* ViewController.m */; };
		64FDF9FE1EA9C0AB007956CA /* Main.storyboard in Resources */ = {isa = PBXBuildFile; fileRef = 64FDF9FC1EA9C0AB007956CA /* Main.storyboard */; };
		64FDFA001EA9C0AB007956CA /* Assets.xcassets in Resources */ = {isa = PBXBuildFile; fileRef = 64FDF9FF1EA9C0AB007956CA /* Assets.xcassets */; };
		64FDFA031EA9C0AB007956CA /* LaunchScreen.storyboard in Resources */ = {isa = PBXBuildFile; fileRef = 64FDFA011EA9C0AB007956CA /* LaunchScreen.storyboard */; };
		64FDFA0E1EA9C0AB007956CA /* testTests.m in Sources */ = {isa = PBXBuildFile; fileRef = 64FDFA0D1EA9C0AB007956CA /* testTests.m */; };
		64FDFA191EA9C0AB007956CA /* testUITests.m in Sources */ = {isa = PBXBuildFile; fileRef = 64FDFA181EA9C0AB007956CA /* testUITests.m */; };
/* End PBXBuildFile section */

/* Begin PBXContainerItemProxy section */
		64FDFA0A1EA9C0AB007956CA /* PBXContainerItemProxy */ = {
			isa = PBXContainerItemProxy;
			containerPortal = 64FDF9E81EA9C0AA007956CA /* Project object */;
			proxyType = 1;
			remoteGlobalIDString = 64FDF9EF1EA9C0AB007956CA;
			remoteInfo = test;
		};
		64FDFA151EA9C0AB007956CA /* PBXContainerItemProxy */ = {
			isa = PBXContainerItemProxy;
			containerPortal = 64FDF9E81EA9C0AA007956CA /* Project object */;
			proxyType = 1;
			remoteGlobalIDString = 64FDF9EF1EA9C0AB007956CA;
			remoteInfo = test;
		};
/* End PBXContainerItemProxy section */

/* Begin PBXFileReference section */
		64FDF9F01EA9C0AB007956CA /* test.app */ = {isa = PBXFileReference; explicitFileType = wrapper.application; includeInIndex = 0; path = test.app; sourceTree = BUILT_PRODUCTS_DIR; };
		64FDF9F41EA9C0AB007956CA /* main.m */ = {isa = PBXFileReference; lastKnownFileType = sourcecode.c.objc; path = main.m; sourceTree = "<group>"; };
		64FDF9F61EA9C0AB007956CA /* AppDelegate.h */ = {isa = PBXFileReference; lastKnownFileType = sourcecode.c.h; path = AppDelegate.h; sourceTree = "<group>"; };
		64FDF9F71EA9C0AB007956CA /* AppDelegate.m */ = {isa = PBXFileReference; lastKnownFileType = sourcecode.c.objc; path = AppDelegate.m; sourceTree = "<group>"; };
		64FDF9F91EA9C0AB007956CA /* ViewController.h */ = {isa = PBXFileReference; lastKnownFileType = sourcecode.c.h; path = ViewController.h; sourceTree = "<group>"; };
		64FDF9FA1EA9C0AB007956CA /* ViewController.m */ = {isa = PBXFileReference; lastKnownFileType = sourcecode.c.objc; path = ViewController.m; sourceTree = "<group>"; };
		64FDF9FD1EA9C0AB007956CA /* Base */ = {isa = PBXFileReference; lastKnownFileType = file.storyboard; name = Base; path = Base.lproj/Main.storyboard; sourceTree = "<group>"; };
		64FDF9FF1EA9C0AB007956CA /* Assets.xcassets */ = {isa = PBXFileReference; lastKnownFileType = folder.assetcatalog; path = Assets.xcassets; sourceTree = "<group>"; };
		64FDFA021EA9C0AB007956CA /* Base */ = {isa = PBXFileReference; lastKnownFileType = file.storyboard; name = Base; path = Base.lproj/LaunchScreen.storyboard; sourceTree = "<group>"; };
		64FDFA041EA9C0AB007956CA /* Info.plist */ = {isa = PBXFileReference; lastKnownFileType = text.plist.xml; path = Info.plist; sourceTree = "<group>"; };
		64FDFA091EA9C0AB007956CA /* testTests.xctest */ = {isa = PBXFileReference; explicitFileType = wrapper.cfbundle; includeInIndex = 0; path = testTests.xctest; sourceTree = BUILT_PRODUCTS_DIR; };
		64FDFA0D1EA9C0AB007956CA /* testTests.m */ = {isa = PBXFileReference; lastKnownFileType = sourcecode.c.objc; path = testTests.m; sourceTree = "<group>"; };
		64FDFA0F1EA9C0AB007956CA /* Info.plist */ = {isa = PBXFileReference; lastKnownFileType = text.plist.xml; path = Info.plist; sourceTree = "<group>"; };
		64FDFA141EA9C0AB007956CA /* testUITests.xctest */ = {isa = PBXFileReference; explicitFileType = wrapper.cfbundle; includeInIndex = 0; path = testUITests.xctest; sourceTree = BUILT_PRODUCTS_DIR; };
		64FDFA181EA9C0AB007956CA /* testUITests.m */ = {isa = PBXFileReference; lastKnownFileType = sourcecode.c.objc; path = testUITests.m; sourceTree = "<group>"; };
		64FDFA1A1EA9C0AB007956CA /* Info.plist */ = {isa = PBXFileReference; lastKnownFileType = text.plist.xml; path = Info.plist; sourceTree = "<group>"; };
/* End PBXFileReference section */

/* Begin PBXFrameworksBuildPhase section */
		64FDF9ED1EA9C0AB007956CA /* Frameworks */ = {
			isa = PBXFrameworksBuildPhase;
			buildActionMask = 2147483647;
			files = (
			);
			runOnlyForDeploymentPostprocessing = 0;
		};
		64FDFA061EA9C0AB007956CA /* Frameworks */ = {
			isa = PBXFrameworksBuildPhase;
			buildActionMask = 2147483647;
			files = (
			);
			runOnlyForDeploymentPostprocessing = 0;
		};
		64FDFA111EA9C0AB007956CA /* Frameworks */ = {
			isa = PBXFrameworksBuildPhase;
			buildActionMask = 2147483647;
			files = (
			);
			runOnlyForDeploymentPostprocessing = 0;
		};
/* End PBXFrameworksBuildPhase section */

/* Begin PBXGroup section */
		64FDF9E71EA9C0AA007956CA = {
			isa = PBXGroup;
			children = (
				64FDF9F21EA9C0AB007956CA /* test */,
				64FDFA0C1EA9C0AB007956CA /* testTests */,
				64FDFA171EA9C0AB007956CA /* testUITests */,
				64FDF9F11EA9C0AB007956CA /* Products */,
			);
			sourceTree = "<group>";
		};
		64FDF9F11EA9C0AB007956CA /* Products */ = {
			isa = PBXGroup;
			children = (
				64FDF9F01EA9C0AB007956CA /* test.app */,
				64FDFA091EA9C0AB007956CA /* testTests.xctest */,
				64FDFA141EA9C0AB007956CA /* testUITests.xctest */,
			);
			name = Products;
			sourceTree = "<group>";
		};
		64FDF9F21EA9C0AB007956CA /* test */ = {
			isa = PBXGroup;
			children = (
				64FDF9F61EA9C0AB007956CA /* AppDelegate.h */,
				64FDF9F71EA9C0AB007956CA /* AppDelegate.m */,
				64FDF9F91EA9C0AB007956CA /* ViewController.h */,
				64FDF9FA1EA9C0AB007956CA /* ViewController.m */,
				64FDF9FC1EA9C0AB007956CA /* Main.storyboard */,
				64FDF9FF1EA9C0AB007956CA /* Assets.xcassets */,
				64FDFA011EA9C0AB007956CA /* LaunchScreen.storyboard */,
				64FDFA041EA9C0AB007956CA /* Info.plist */,
				64FDF9F31EA9C0AB007956CA /* Supporting Files */,
			);
			path = test;
			sourceTree = "<group>";
		};
		64FDF9F31EA9C0AB007956CA /* Supporting Files */ = {
			isa = PBXGroup;
			children = (
				64FDF9F41EA9C0AB007956CA /* main.m */,
			);
			name = "Supporting Files";
			sourceTree = "<group>";
		};
		64FDFA0C1EA9C0AB007956CA /* testTests */ = {
			isa = PBXGroup;
			children = (
				64FDFA0D1EA9C0AB007956CA /* testTests.m */,
				64FDFA0F1EA9C0AB007956CA /* Info.plist */,
			);
			path = testTests;
			sourceTree = "<group>";
		};
		64FDFA171EA9C0AB007956CA /* testUITests */ = {
			isa = PBXGroup;
			children = (
				64FDFA181EA9C0AB007956CA /* testUITests.m */,
				64FDFA1A1EA9C0AB007956CA /* Info.plist */,
			);
			path = testUITests;
			sourceTree = "<group>";
		};
/* End PBXGroup section */

/* Begin PBXNativeTarget section */
		64FDF9EF1EA9C0AB007956CA /* test */ = {
			isa = PBXNativeTarget;
			buildConfigurationList = 64FDFA1D1EA9C0AB007956CA /* Build configuration list for PBXNativeTarget "test" */;
			buildPhases = (
				64FDF9EC1EA9C0AB007956CA /* Sources */,
				64FDF9ED1EA9C0AB007956CA /* Frameworks */,
				64FDF9EE1EA9C0AB007956CA /* Resources */,
			);
			buildRules = (
			);
			dependencies = (
			);
			name = test;
			productName = test;
			productReference = 64FDF9F01EA9C0AB007956CA /* test.app */;
			productType = "com.apple.product-type.application";
		};
		64FDFA081EA9C0AB007956CA /* testTests */ = {
			isa = PBXNativeTarget;
			buildConfigurationList = 64FDFA201EA9C0AB007956CA /* Build configuration list for PBXNativeTarget "testTests" */;
			buildPhases = (
				64FDFA051EA9C0AB007956CA /* Sources */,
				64FDFA061EA9C0AB007956CA /* Frameworks */,
				64FDFA071EA9C0AB007956CA /* Resources */,
			);
			buildRules = (
			);
			dependencies = (
				64FDFA0B1EA9C0AB007956CA /* PBXTargetDependency */,
			);
			name = testTests;
			productName = testTests;
			productReference = 64FDFA091EA9C0AB007956CA /* testTests.xctest */;
			productType = "com.apple.product-type.bundle.unit-test";
		};
		64FDFA131EA9C0AB007956CA /* testUITests */ = {
			isa = PBXNativeTarget;
			buildConfigurationList = 64FDFA231EA9C0AB007956CA /* Build configuration list for PBXNativeTarget "testUITests" */;
			buildPhases = (
				64FDFA101EA9C0AB007956CA /* Sources */,
				64FDFA111EA9C0AB007956CA /* Frameworks */,
				64FDFA121EA9C0AB007956CA /* Resources */,
			);
			buildRules = (
			);
			dependencies = (
				64FDFA161EA9C0AB007956CA /* PBXTargetDependency */,
			);
			name = testUITests;
			productName = testUITests;
			productReference = 64FDFA141EA9C0AB007956CA /* testUITests.xctest */;
			productType = "com.apple.product-type.bundle.ui-testing";
		};
/* End PBXNativeTarget section */

/* Begin PBXProject section */
		64FDF9E81EA9C0AA007956CA /* Project object */ = {
			isa = PBXProject;
			attributes = {
				LastUpgradeCheck = 0820;
				ORGANIZATIONNAME = "MAC-mini";
				TargetAttributes = {
					64FDF9EF1EA9C0AB007956CA = {
						CreatedOnToolsVersion = 8.2.1;
						ProvisioningStyle = Automatic;
					};
					64FDFA081EA9C0AB007956CA = {
						CreatedOnToolsVersion = 8.2.1;
						ProvisioningStyle = Automatic;
						TestTargetID = 64FDF9EF1EA9C0AB007956CA;
					};
					64FDFA131EA9C0AB007956CA = {
						CreatedOnToolsVersion = 8.2.1;
						ProvisioningStyle = Automatic;
						TestTargetID = 64FDF9EF1EA9C0AB007956CA;
					};
				};
			};
			buildConfigurationList = 64FDF9EB1EA9C0AA007956CA /* Build configuration list for PBXProject "test" */;
			compatibilityVersion = "Xcode 3.2";
			developmentRegion = English;
			hasScannedForEncodings = 0;
			knownRegions = (
				en,
				Base,
			);
			mainGroup = 64FDF9E71EA9C0AA007956CA;
			productRefGroup = 64FDF9F11EA9C0AB007956CA /* Products */;
			projectDirPath = "";
			projectRoot = "";
			targets = (
				64FDF9EF1EA9C0AB007956CA /* test */,
				64FDFA081EA9C0AB007956CA /* testTests */,
				64FDFA131EA9C0AB007956CA /* testUITests */,
			);
		};
/* End PBXProject section */

/* Begin PBXResourcesBuildPhase section */
		64FDF9EE1EA9C0AB007956CA /* Resources */ = {
			isa = PBXResourcesBuildPhase;
			buildActionMask = 2147483647;
			files = (
				64FDFA031EA9C0AB007956CA /* LaunchScreen.storyboard in Resources */,
				64FDFA001EA9C0AB007956CA /* Assets.xcassets in Resources */,
				64FDF9FE1EA9C0AB007956CA /* Main.storyboard in Resources */,
			);
			runOnlyForDeploymentPostprocessing = 0;
		};
		64FDFA071EA9C0AB007956CA /* Resources */ = {
			isa = PBXResourcesBuildPhase;
			buildActionMask = 2147483647;
			files = (
			);
			runOnlyForDeploymentPostprocessing = 0;
		};
		64FDFA121EA9C0AB007956CA /* Resources */ = {
			isa = PBXResourcesBuildPhase;
			buildActionMask = 2147483647;
			files = (
			);
			runOnlyForDeploymentPostprocessing = 0;
		};
/* End PBXResourcesBuildPhase section */

/* Begin PBXSourcesBuildPhase section */
		64FDF9EC1EA9C0AB007956CA /* Sources */ = {
			isa = PBXSourcesBuildPhase;
			buildActionMask = 2147483647;
			files = (
				64FDF9FB1EA9C0AB007956CA /* ViewController.m in Sources */,
				64FDF9F81EA9C0AB007956CA /* AppDelegate.m in Sources */,
				64FDF9F51EA9C0AB007956CA /* main.m in Sources */,
			);
			runOnlyForDeploymentPostprocessing = 0;
		};
		64FDFA051EA9C0AB007956CA /* Sources */ = {
			isa = PBXSourcesBuildPhase;
			buildActionMask = 2147483647;
			files = (
				64FDFA0E1EA9C0AB007956CA /* testTests.m in Sources */,
			);
			runOnlyForDeploymentPostprocessing = 0;
		};
		64FDFA101EA9C0AB007956CA /* Sources */ = {
			isa = PBXSourcesBuildPhase;
			buildActionMask = 2147483647;
			files = (
				64FDFA191EA9C0AB007956CA /* testUITests.m in Sources */,
			);
			runOnlyForDeploymentPostprocessing = 0;
		};
/* End PBXSourcesBuildPhase section */

/* Begin PBXTargetDependency section */
		64FDFA0B1EA9C0AB007956CA /* PBXTargetDependency */ = {
			isa = PBXTargetDependency;
			target = 64FDF9EF1EA9C0AB007956CA /* test */;
			targetProxy = 64FDFA0A1EA9C0AB007956CA /* PBXContainerItemProxy */;
		};
		64FDFA161EA9C0AB007956CA /* PBXTargetDependency */ = {
			isa = PBXTargetDependency;
			target = 64FDF9EF1EA9C0AB007956CA /* test */;
			targetProxy = 64FDFA151EA9C0AB007956CA /* PBXContainerItemProxy */;
		};
/* End PBXTargetDependency section */

/* Begin PBXVariantGroup section */
		64FDF9FC1EA9C0AB007956CA /* Main.storyboard */ = {
			isa = PBXVariantGroup;
			children = (
				64FDF9FD1EA9C0AB007956CA /* Base */,
			);
			name = Main.storyboard;
			sourceTree = "<group>";
		};
		64FDFA011EA9C0AB007956CA /* LaunchScreen.storyboard */ = {
			isa = PBXVariantGroup;
			children = (
				64FDFA021EA9C0AB007956CA /* Base */,
			);
			name = LaunchScreen.storyboard;
			sourceTree = "<group>";
		};
/* End PBXVariantGroup section */

/* Begin XCBuildConfiguration section */
		64FDFA1B1EA9C0AB007956CA /* Debug */ = {
			isa = XCBuildConfiguration;
			buildSettings = {
				ALWAYS_SEARCH_USER_PATHS = NO;
				CLANG_ANALYZER_NONNULL = YES;
				CLANG_CXX_LANGUAGE_STANDARD = "gnu++0x";
				CLANG_CXX_LIBRARY = "libc++";
				CLANG_ENABLE_MODULES = YES;
				CLANG_ENABLE_OBJC_ARC = YES;
				CLANG_WARN_BOOL_CONVERSION = YES;
				CLANG_WARN_CONSTANT_CONVERSION = YES;
				CLANG_WARN_DIRECT_OBJC_ISA_USAGE = YES_ERROR;
				CLANG_WARN_DOCUMENTATION_COMMENTS = YES;
				CLANG_WARN_EMPTY_BODY = YES;
				CLANG_WARN_ENUM_CONVERSION = YES;
				CLANG_WARN_INFINITE_RECURSION = YES;
				CLANG_WARN_INT_CONVERSION = YES;
				CLANG_WARN_OBJC_ROOT_CLASS = YES_ERROR;
				CLANG_WARN_SUSPICIOUS_MOVE = YES;
				CLANG_WARN_UNREACHABLE_CODE = YES;
				CLANG_WARN__DUPLICATE_METHOD_MATCH = YES;
				"CODE_SIGN_IDENTITY[sdk=iphoneos*]" = "iPhone Developer";
				COPY_PHASE_STRIP = NO;
				DEBUG_INFORMATION_FORMAT = dwarf;
				ENABLE_STRICT_OBJC_MSGSEND = YES;
				ENABLE_TESTABILITY = YES;
				GCC_C_LANGUAGE_STANDARD = gnu99;
				GCC_DYNAMIC_NO_PIC = NO;
				GCC_NO_COMMON_BLOCKS = YES;
				GCC_OPTIMIZATION_LEVEL = 0;
				GCC_PREPROCESSOR_DEFINITIONS = (
					"DEBUG=1",
					"$(inherited)",
				);
				GCC_WARN_64_TO_32_BIT_CONVERSION = YES;
				GCC_WARN_ABOUT_RETURN_TYPE = YES_ERROR;
				GCC_WARN_UNDECLARED_SELECTOR = YES;
				GCC_WARN_UNINITIALIZED_AUTOS = YES_AGGRESSIVE;
				GCC_WARN_UNUSED_FUNCTION = YES;
				GCC_WARN_UNUSED_VARIABLE = YES;
				IPHONEOS_DEPLOYMENT_TARGET = 10.2;
				MTL_ENABLE_DEBUG_INFO = YES;
				ONLY_ACTIVE_ARCH = YES;
				SDKROOT = iphoneos;
				TARGETED_DEVICE_FAMILY = "1,2";
			};
			name = Debug;
		};
		64FDFA1C1EA9C0AB007956CA /* Release */ = {
			isa = XCBuildConfiguration;
			buildSettings = {
				ALWAYS_SEARCH_USER_PATHS = NO;
				CLANG_ANALYZER_NONNULL = YES;
				CLANG_CXX_LANGUAGE_STANDARD = "gnu++0x";
				CLANG_CXX_LIBRARY = "libc++";
				CLANG_ENABLE_MODULES = YES;
				CLANG_ENABLE_OBJC_ARC = YES;
				CLANG_WARN_BOOL_CONVERSION = YES;
				CLANG_WARN_CONSTANT_CONVERSION = YES;
				CLANG_WARN_DIRECT_OBJC_ISA_USAGE = YES_ERROR;
				CLANG_WARN_DOCUMENTATION_COMMENTS = YES;
				CLANG_WARN_EMPTY_BODY = YES;
				CLANG_WARN_ENUM_CONVERSION = YES;
				CLANG_WARN_INFINITE_RECURSION = YES;
				CLANG_WARN_INT_CONVERSION = YES;
				CLANG_WARN_OBJC_ROOT_CLASS = YES_ERROR;
				CLANG_WARN_SUSPICIOUS_MOVE = YES;
				CLANG_WARN_UNREACHABLE_CODE = YES;
				CLANG_WARN__DUPLICATE_METHOD_MATCH = YES;
				"CODE_SIGN_IDENTITY[sdk=iphoneos*]" = "iPhone Developer";
				COPY_PHASE_STRIP = NO;
				DEBUG_INFORMATION_FORMAT = "dwarf-with-dsym";
				ENABLE_NS_ASSERTIONS = NO;
				ENABLE_STRICT_OBJC_MSGSEND = YES;
				GCC_C_LANGUAGE_STANDARD = gnu99;
				GCC_NO_COMMON_BLOCKS = YES;
				GCC_WARN_64_TO_32_BIT_CONVERSION = YES;
				GCC_WARN_ABOUT_RETURN_TYPE = YES_ERROR;
				GCC_WARN_UNDECLARED_SELECTOR = YES;
				GCC_WARN_UNINITIALIZED_AUTOS = YES_AGGRESSIVE;
				GCC_WARN_UNUSED_FUNCTION = YES;
				GCC_WARN_UNUSED_VARIABLE = YES;
				IPHONEOS_DEPLOYMENT_TARGET = 10.2;
				MTL_ENABLE_DEBUG_INFO = NO;
				SDKROOT = iphoneos;
				TARGETED_DEVICE_FAMILY = "1,2";
				VALIDATE_PRODUCT = YES;
			};
			name = Release;
		};
		64FDFA1E1EA9C0AB007956CA /* Debug */ = {
			isa = XCBuildConfiguration;
			buildSettings = {
				ASSETCATALOG_COMPILER_APPICON_NAME = AppIcon;
				INFOPLIST_FILE = test/Info.plist;
				LD_RUNPATH_SEARCH_PATHS = "$(inherited) @executable_path/Frameworks";
				PRODUCT_BUNDLE_IDENTIFIER = com.test.test;
				PRODUCT_NAME = "$(TARGET_NAME)";
			};
			name = Debug;
		};
		64FDFA1F1EA9C0AB007956CA /* Release */ = {
			isa = XCBuildConfiguration;
			buildSettings = {
				ASSETCATALOG_COMPILER_APPICON_NAME = AppIcon;
				INFOPLIST_FILE = test/Info.plist;
				LD_RUNPATH_SEARCH_PATHS = "$(inherited) @executable_path/Frameworks";
				PRODUCT_BUNDLE_IDENTIFIER = com.test.test;
				PRODUCT_NAME = "$(TARGET_NAME)";
			};
			name = Release;
		};
		64FDFA211EA9C0AB007956CA /* Debug */ = {
			isa = XCBuildConfiguration;
			buildSettings = {
				BUNDLE_LOADER = "$(TEST_HOST)";
				INFOPLIST_FILE = testTests/Info.plist;
				LD_RUNPATH_SEARCH_PATHS = "$(inherited) @executable_path/Frameworks @loader_path/Frameworks";
				PRODUCT_BUNDLE_IDENTIFIER = com.test.testTests;
				PRODUCT_NAME = "$(TARGET_NAME)";
				TEST_HOST = "$(BUILT_PRODUCTS_DIR)/test.app/test";
			};
			name = Debug;
		};
		64FDFA221EA9C0AB007956CA /* Release */ = {
			isa = XCBuildConfiguration;
			buildSettings = {
				BUNDLE_LOADER = "$(TEST_HOST)";
				INFOPLIST_FILE = testTests/Info.plist;
				LD_RUNPATH_SEARCH_PATHS = "$(inherited) @executable_path/Frameworks @loader_path/Frameworks";
				PRODUCT_BUNDLE_IDENTIFIER = com.test.testTests;
				PRODUCT_NAME = "$(TARGET_NAME)";
				TEST_HOST = "$(BUILT_PRODUCTS_DIR)/test.app/test";
			};
			name = Release;
		};
		64FDFA241EA9C0AB007956CA /* Debug */ = {
			isa = XCBuildConfiguration;
			buildSettings = {
				INFOPLIST_FILE = testUITests/Info.plist;
				LD_RUNPATH_SEARCH_PATHS = "$(inherited) @executable_path/Frameworks @loader_path/Frameworks";
				PRODUCT_BUNDLE_IDENTIFIER = com.test.testUITests;
				PRODUCT_NAME = "$(TARGET_NAME)";
				TEST_TARGET_NAME = test;
			};
			name = Debug;
		};
		64FDFA251EA9C0AB007956CA /* Release */ = {
			isa = XCBuildConfiguration;
			buildSettings = {
				INFOPLIST_FILE = testUITests/Info.plist;
				LD_RUNPATH_SEARCH_PATHS = "$(inherited) @executable_path/Frameworks @loader_path/Frameworks";
				PRODUCT_BUNDLE_IDENTIFIER = com.test.testUITests;
				PRODUCT_NAME = "$(TARGET_NAME)";
				TEST_TARGET_NAME = test;
			};
			name = Release;
		};
/* End XCBuildConfiguration section */

/* Begin XCConfigurationList section */
		64FDF9EB1EA9C0AA007956CA /* Build configuration list for PBXProject "test" */ = {
			isa = XCConfigurationList;
			buildConfigurations = (
				64FDFA1B1EA9C0AB007956CA /* Debug */,
				64FDFA1C1EA9C0AB007956CA /* Release */,
			);
			defaultConfigurationIsVisible = 0;
			defaultConfigurationName = Release;
		};
		64FDFA1D1EA9C0AB007956CA /* Build configuration list for PBXNativeTarget "test" */ = {
			isa = XCConfigurationList;
			buildConfigurations = (
				64FDFA1E1EA9C0AB007956CA /* Debug */,
				64FDFA1F1EA9C0AB007956CA /* Release */,
			);
			defaultConfigurationIsVisible = 0;
		};
		64FDFA201EA9C0AB007956CA /* Build configuration list for PBXNativeTarget "testTests" */ = {
			isa = XCConfigurationList;
			buildConfigurations = (
				64FDFA211EA9C0AB007956CA /* Debug */,
				64FDFA221EA9C0AB007956CA /* Release */,
			);
			defaultConfigurationIsVisible = 0;
		};
		64FDFA231EA9C0AB007956CA /* Build configuration list for PBXNativeTarget "testUITests" */ = {
			isa = XCConfigurationList;
			buildConfigurations = (
				64FDFA241EA9C0AB007956CA /* Debug */,
				64FDFA251EA9C0AB007956CA /* Release */,
			);
			defaultConfigurationIsVisible = 0;
		};
/* End XCConfigurationList section */
	};
	rootObject = 64FDF9E81EA9C0AA007956CA /* Project object */;
}
